
Microsoft Visual Studio Solution File, Format Version 12.00
# Visual Studio Version 17
VisualStudioVersion = 17.7.34031.279
MinimumVisualStudioVersion = 10.0.40219.1
Project("{FAE04EC0-301F-11D3-BF4B-00C04F79EFBC}") = "SampleProjectForGit", "SampleProjectForGit.csproj", "{D691F3F8-F9A7-4F3C-9028-8474ED39C5C6}"
EndProject
Project("{FAE04EC0-301F-11D3-BF4B-00C04F79EFBC}") = "SampleTestProject", "..\SampleTestProject\SampleTestProject.csproj", "{0462A8EB-42A3-44FF-B9EF-F43AAFFB614E}"
EndProject
Global
	GlobalSection(SolutionConfigurationPlatforms) = preSolution
		Debug|Any CPU = Debug|Any CPU
		Release|Any CPU = Release|Any CPU
	EndGlobalSection
	GlobalSection(ProjectConfigurationPlatforms) = postSolution
		{D691F3F8-F9A7-4F3C-9028-8474ED39C5C6}.Debug|Any CPU.ActiveCfg = Debug|Any CPU
		{D691F3F8-F9A7-4F3C-9028-8474ED39C5C6}.Debug|Any CPU.Build.0 = Debug|Any CPU
		{D691F3F8-F9A7-4F3C-9028-8474ED39C5C6}.Release|Any CPU.ActiveCfg = Release|Any CPU
		{D691F3F8-F9A7-4F3C-9028-8474ED39C5C6}.Release|Any CPU.Build.0 = Release|Any CPU
		{0462A8EB-42A3-44FF-B9EF-F43AAFFB614E}.Debug|Any CPU.ActiveCfg = Debug|Any CPU
		{0462A8EB-42A3-44FF-B9EF-F43AAFFB614E}.Debug|Any CPU.Build.0 = Debug|Any CPU
		{0462A8EB-42A3-44FF-B9EF-F43AAFFB614E}.Release|Any CPU.ActiveCfg = Release|Any CPU
		{0462A8EB-42A3-44FF-B9EF-F43AAFFB614E}.Release|Any CPU.Build.0 = Release|Any CPU
	EndGlobalSection
	GlobalSection(SolutionProperties) = preSolution
		HideSolutionNode = FALSE
	EndGlobalSection
	GlobalSection(ExtensibilityGlobals) = postSolution
		SolutionGuid = {A6446476-A98A-4F5A-B1DB-9E320D5F904A}
	EndGlobalSection
EndGlobal
